
Microsoft Visual Studio Solution File, Format Version 12.00
# Visual Studio Version 17
VisualStudioVersion = 17.6.33712.159
MinimumVisualStudioVersion = 10.0.40219.1
Project("{FAE04EC0-301F-11D3-BF4B-00C04F79EFBC}") = "Blasterify", "Blasterify.csproj", "{21FC23F6-D2B1-4E78-B4FA-9B01482C7EA9}"
EndProject
Project("{FAE04EC0-301F-11D3-BF4B-00C04F79EFBC}") = "BlasterifyAdmin", "..\BlasterifyAdmin\BlasterifyAdmin.csproj", "{729BB1EA-CB0B-4CA4-A3DF-EC139B0B372C}"
	ProjectSection(ProjectDependencies) = postProject
		{21FC23F6-D2B1-4E78-B4FA-9B01482C7EA9} = {21FC23F6-D2B1-4E78-B4FA-9B01482C7EA9}
	EndProjectSection
EndProject
Global
	GlobalSection(SolutionConfigurationPlatforms) = preSolution
		Debug|Any CPU = Debug|Any CPU
		Release|Any CPU = Release|Any CPU
	EndGlobalSection
	GlobalSection(ProjectConfigurationPlatforms) = postSolution
		{21FC23F6-D2B1-4E78-B4FA-9B01482C7EA9}.Debug|Any CPU.ActiveCfg = Debug|Any CPU
		{21FC23F6-D2B1-4E78-B4FA-9B01482C7EA9}.Debug|Any CPU.Build.0 = Debug|Any CPU
		{21FC23F6-D2B1-4E78-B4FA-9B01482C7EA9}.Release|Any CPU.ActiveCfg = Release|Any CPU
		{21FC23F6-D2B1-4E78-B4FA-9B01482C7EA9}.Release|Any CPU.Build.0 = Release|Any CPU
		{729BB1EA-CB0B-4CA4-A3DF-EC139B0B372C}.Debug|Any CPU.ActiveCfg = Debug|Any CPU
		{729BB1EA-CB0B-4CA4-A3DF-EC139B0B372C}.Debug|Any CPU.Build.0 = Debug|Any CPU
		{729BB1EA-CB0B-4CA4-A3DF-EC139B0B372C}.Release|Any CPU.ActiveCfg = Release|Any CPU
		{729BB1EA-CB0B-4CA4-A3DF-EC139B0B372C}.Release|Any CPU.Build.0 = Release|Any CPU
	EndGlobalSection
	GlobalSection(SolutionProperties) = preSolution
		HideSolutionNode = FALSE
	EndGlobalSection
	GlobalSection(ExtensibilityGlobals) = postSolution
		SolutionGuid = {35CD86A6-25D8-4738-B102-F33DD1B7241B}
	EndGlobalSection
EndGlobal
