
Microsoft Visual Studio Solution File, Format Version 12.00
# Visual Studio Version 17
VisualStudioVersion = 17.6.33712.159
MinimumVisualStudioVersion = 10.0.40219.1
Project("{FAE04EC0-301F-11D3-BF4B-00C04F79EFBC}") = "BlasterifyAdmin", "..\BlasterifyAdmin\BlasterifyAdmin.csproj", "{729BB1EA-CB0B-4CA4-A3DF-EC139B0B372C}"
	ProjectSection(ProjectDependencies) = postProject
		{472D6166-359B-4F5E-8DF1-4590D504879D} = {472D6166-359B-4F5E-8DF1-4590D504879D}
	EndProjectSection
EndProject
Project("{FAE04EC0-301F-11D3-BF4B-00C04F79EFBC}") = "BlasterifyServices", "..\BlasterifyServices\BlasterifyServices.csproj", "{472D6166-359B-4F5E-8DF1-4590D504879D}"
EndProject
Global
	GlobalSection(SolutionConfigurationPlatforms) = preSolution
		Debug|Any CPU = Debug|Any CPU
		Debug|ARM64 = Debug|ARM64
		Debug|x64 = Debug|x64
		Debug|x86 = Debug|x86
		Release|Any CPU = Release|Any CPU
		Release|ARM64 = Release|ARM64
		Release|x64 = Release|x64
		Release|x86 = Release|x86
	EndGlobalSection
	GlobalSection(ProjectConfigurationPlatforms) = postSolution
		{729BB1EA-CB0B-4CA4-A3DF-EC139B0B372C}.Debug|Any CPU.ActiveCfg = Debug|Any CPU
		{729BB1EA-CB0B-4CA4-A3DF-EC139B0B372C}.Debug|Any CPU.Build.0 = Debug|Any CPU
		{729BB1EA-CB0B-4CA4-A3DF-EC139B0B372C}.Debug|ARM64.ActiveCfg = Debug|Any CPU
		{729BB1EA-CB0B-4CA4-A3DF-EC139B0B372C}.Debug|ARM64.Build.0 = Debug|Any CPU
		{729BB1EA-CB0B-4CA4-A3DF-EC139B0B372C}.Debug|x64.ActiveCfg = Debug|Any CPU
		{729BB1EA-CB0B-4CA4-A3DF-EC139B0B372C}.Debug|x64.Build.0 = Debug|Any CPU
		{729BB1EA-CB0B-4CA4-A3DF-EC139B0B372C}.Debug|x86.ActiveCfg = Debug|Any CPU
		{729BB1EA-CB0B-4CA4-A3DF-EC139B0B372C}.Debug|x86.Build.0 = Debug|Any CPU
		{729BB1EA-CB0B-4CA4-A3DF-EC139B0B372C}.Release|Any CPU.ActiveCfg = Release|Any CPU
		{729BB1EA-CB0B-4CA4-A3DF-EC139B0B372C}.Release|Any CPU.Build.0 = Release|Any CPU
		{729BB1EA-CB0B-4CA4-A3DF-EC139B0B372C}.Release|ARM64.ActiveCfg = Release|Any CPU
		{729BB1EA-CB0B-4CA4-A3DF-EC139B0B372C}.Release|ARM64.Build.0 = Release|Any CPU
		{729BB1EA-CB0B-4CA4-A3DF-EC139B0B372C}.Release|x64.ActiveCfg = Release|Any CPU
		{729BB1EA-CB0B-4CA4-A3DF-EC139B0B372C}.Release|x64.Build.0 = Release|Any CPU
		{729BB1EA-CB0B-4CA4-A3DF-EC139B0B372C}.Release|x86.ActiveCfg = Release|Any CPU
		{729BB1EA-CB0B-4CA4-A3DF-EC139B0B372C}.Release|x86.Build.0 = Release|Any CPU
		{472D6166-359B-4F5E-8DF1-4590D504879D}.Debug|Any CPU.ActiveCfg = Debug|Any CPU
		{472D6166-359B-4F5E-8DF1-4590D504879D}.Debug|Any CPU.Build.0 = Debug|Any CPU
		{472D6166-359B-4F5E-8DF1-4590D504879D}.Debug|ARM64.ActiveCfg = Debug|Any CPU
		{472D6166-359B-4F5E-8DF1-4590D504879D}.Debug|ARM64.Build.0 = Debug|Any CPU
		{472D6166-359B-4F5E-8DF1-4590D504879D}.Debug|x64.ActiveCfg = Debug|Any CPU
		{472D6166-359B-4F5E-8DF1-4590D504879D}.Debug|x64.Build.0 = Debug|Any CPU
		{472D6166-359B-4F5E-8DF1-4590D504879D}.Debug|x86.ActiveCfg = Debug|Any CPU
		{472D6166-359B-4F5E-8DF1-4590D504879D}.Debug|x86.Build.0 = Debug|Any CPU
		{472D6166-359B-4F5E-8DF1-4590D504879D}.Release|Any CPU.ActiveCfg = Release|Any CPU
		{472D6166-359B-4F5E-8DF1-4590D504879D}.Release|Any CPU.Build.0 = Release|Any CPU
		{472D6166-359B-4F5E-8DF1-4590D504879D}.Release|ARM64.ActiveCfg = Release|Any CPU
		{472D6166-359B-4F5E-8DF1-4590D504879D}.Release|ARM64.Build.0 = Release|Any CPU
		{472D6166-359B-4F5E-8DF1-4590D504879D}.Release|x64.ActiveCfg = Release|Any CPU
		{472D6166-359B-4F5E-8DF1-4590D504879D}.Release|x64.Build.0 = Release|Any CPU
		{472D6166-359B-4F5E-8DF1-4590D504879D}.Release|x86.ActiveCfg = Release|Any CPU
		{472D6166-359B-4F5E-8DF1-4590D504879D}.Release|x86.Build.0 = Release|Any CPU
	EndGlobalSection
	GlobalSection(SolutionProperties) = preSolution
		HideSolutionNode = FALSE
	EndGlobalSection
	GlobalSection(ExtensibilityGlobals) = postSolution
		SolutionGuid = {35CD86A6-25D8-4738-B102-F33DD1B7241B}
	EndGlobalSection
EndGlobal
